
Microsoft Visual Studio Solution File, Format Version 12.00
# Visual Studio 15
VisualStudioVersion = 15.0.28307.421
MinimumVisualStudioVersion = 10.0.40219.1
Project("{FAE04EC0-301F-11D3-BF4B-00C04F79EFBC}") = "MyShopMVC.Core", "MyShopMVC.Core\MyShopMVC.Core.csproj", "{C9D69373-9C17-4FA9-8209-5109D859A806}"
EndProject
Project("{FAE04EC0-301F-11D3-BF4B-00C04F79EFBC}") = "MyShopMVC.Services", "MyShopMVC.Services\MyShopMVC.Services.csproj", "{EF192F0E-A161-4C4C-845E-5C29D90B8E58}"
EndProject
Project("{FAE04EC0-301F-11D3-BF4B-00C04F79EFBC}") = "MyShopMVC.DataAccess.SQL", "MyShopMVC.DataAccess.SQL\MyShopMVC.DataAccess.SQL.csproj", "{907FC08F-FAA2-496B-B0D8-882A3A0F184C}"
EndProject
Project("{FAE04EC0-301F-11D3-BF4B-00C04F79EFBC}") = "MyShopMVC.DataAccess.InMemory", "MyShopMVC.DataAccess.InMemory\MyShopMVC.DataAccess.InMemory.csproj", "{4914F90F-DDCE-4B13-97A9-279C407D42B1}"
EndProject
Project("{FAE04EC0-301F-11D3-BF4B-00C04F79EFBC}") = "MyShopMVC.WebUi", "MyShopMVC.WebUi\MyShopMVC.WebUi.csproj", "{43A3C7E6-69C9-4527-B291-A8F35B6A0C48}"
EndProject
Project("{FAE04EC0-301F-11D3-BF4B-00C04F79EFBC}") = "MyShopMVC.WebUi.Tests", "MyShopMVC.WebUi.Tests\MyShopMVC.WebUi.Tests.csproj", "{540EF994-D5AF-4C23-BB0E-8560FDA4EC96}"
EndProject
Global
	GlobalSection(SolutionConfigurationPlatforms) = preSolution
		Debug|Any CPU = Debug|Any CPU
		Release|Any CPU = Release|Any CPU
	EndGlobalSection
	GlobalSection(ProjectConfigurationPlatforms) = postSolution
		{C9D69373-9C17-4FA9-8209-5109D859A806}.Debug|Any CPU.ActiveCfg = Debug|Any CPU
		{C9D69373-9C17-4FA9-8209-5109D859A806}.Debug|Any CPU.Build.0 = Debug|Any CPU
		{C9D69373-9C17-4FA9-8209-5109D859A806}.Release|Any CPU.ActiveCfg = Release|Any CPU
		{C9D69373-9C17-4FA9-8209-5109D859A806}.Release|Any CPU.Build.0 = Release|Any CPU
		{EF192F0E-A161-4C4C-845E-5C29D90B8E58}.Debug|Any CPU.ActiveCfg = Debug|Any CPU
		{EF192F0E-A161-4C4C-845E-5C29D90B8E58}.Debug|Any CPU.Build.0 = Debug|Any CPU
		{EF192F0E-A161-4C4C-845E-5C29D90B8E58}.Release|Any CPU.ActiveCfg = Release|Any CPU
		{EF192F0E-A161-4C4C-845E-5C29D90B8E58}.Release|Any CPU.Build.0 = Release|Any CPU
		{907FC08F-FAA2-496B-B0D8-882A3A0F184C}.Debug|Any CPU.ActiveCfg = Debug|Any CPU
		{907FC08F-FAA2-496B-B0D8-882A3A0F184C}.Debug|Any CPU.Build.0 = Debug|Any CPU
		{907FC08F-FAA2-496B-B0D8-882A3A0F184C}.Release|Any CPU.ActiveCfg = Release|Any CPU
		{907FC08F-FAA2-496B-B0D8-882A3A0F184C}.Release|Any CPU.Build.0 = Release|Any CPU
		{4914F90F-DDCE-4B13-97A9-279C407D42B1}.Debug|Any CPU.ActiveCfg = Debug|Any CPU
		{4914F90F-DDCE-4B13-97A9-279C407D42B1}.Debug|Any CPU.Build.0 = Debug|Any CPU
		{4914F90F-DDCE-4B13-97A9-279C407D42B1}.Release|Any CPU.ActiveCfg = Release|Any CPU
		{4914F90F-DDCE-4B13-97A9-279C407D42B1}.Release|Any CPU.Build.0 = Release|Any CPU
		{43A3C7E6-69C9-4527-B291-A8F35B6A0C48}.Debug|Any CPU.ActiveCfg = Debug|Any CPU
		{43A3C7E6-69C9-4527-B291-A8F35B6A0C48}.Debug|Any CPU.Build.0 = Debug|Any CPU
		{43A3C7E6-69C9-4527-B291-A8F35B6A0C48}.Release|Any CPU.ActiveCfg = Release|Any CPU
		{43A3C7E6-69C9-4527-B291-A8F35B6A0C48}.Release|Any CPU.Build.0 = Release|Any CPU
		{540EF994-D5AF-4C23-BB0E-8560FDA4EC96}.Debug|Any CPU.ActiveCfg = Debug|Any CPU
		{540EF994-D5AF-4C23-BB0E-8560FDA4EC96}.Debug|Any CPU.Build.0 = Debug|Any CPU
		{540EF994-D5AF-4C23-BB0E-8560FDA4EC96}.Release|Any CPU.ActiveCfg = Release|Any CPU
		{540EF994-D5AF-4C23-BB0E-8560FDA4EC96}.Release|Any CPU.Build.0 = Release|Any CPU
	EndGlobalSection
	GlobalSection(SolutionProperties) = preSolution
		HideSolutionNode = FALSE
	EndGlobalSection
	GlobalSection(ExtensibilityGlobals) = postSolution
		SolutionGuid = {7F489F74-5C85-4A6E-9558-ACAFA82D5AE0}
	EndGlobalSection
EndGlobal
